
Microsoft Visual Studio Solution File, Format Version 12.00
# Visual Studio 14
VisualStudioVersion = 14.0.24720.0
MinimumVisualStudioVersion = 10.0.40219.1
Project("{FAE04EC0-301F-11D3-BF4B-00C04F79EFBC}") = "Sitecore.Feature.HabSearch", "HabSearch\Sitecore.Feature.HabSearch.csproj", "{90BD8BA0-1E12-4E66-A776-D3630600DD6E}"
EndProject
Project("{CAA73BB0-EF22-4D79-A57E-DF67B3BA9C80}") = "Sitecore.TDS.Master", "..\..\TDS\Sitecore.TDS.Master\Sitecore.TDS.Master.scproj", "{764460EF-882E-4326-B051-77CF5319B4BA}"
EndProject
Project("{2150E333-8FDC-42A3-9474-1A3956D46DE8}") = "Foundation", "Foundation", "{8FAC6F4A-E1E3-4467-B807-E9ACF0DC29FD}"
EndProject
Project("{FAE04EC0-301F-11D3-BF4B-00C04F79EFBC}") = "Sitecore.Foundation.HabSearch.Indexing", "Sitecore.Foundation.HabSearch.Indexing\Sitecore.Foundation.HabSearch.Indexing.csproj", "{D3A57791-494C-4E11-A6E6-AAAE049F2E92}"
EndProject
Project("{CAA73BB0-EF22-4D79-A57E-DF67B3BA9C80}") = "Sitecore.TDS.Content", "..\..\TDS\Sitecore.TDS.Content\Sitecore.TDS.Content.scproj", "{1E9B7FC0-2385-49FA-8758-4358A29AD66A}"
EndProject
Global
	GlobalSection(SolutionConfigurationPlatforms) = preSolution
		Debug|Any CPU = Debug|Any CPU
		Release|Any CPU = Release|Any CPU
	EndGlobalSection
	GlobalSection(ProjectConfigurationPlatforms) = postSolution
		{90BD8BA0-1E12-4E66-A776-D3630600DD6E}.Debug|Any CPU.ActiveCfg = Debug|Any CPU
		{90BD8BA0-1E12-4E66-A776-D3630600DD6E}.Debug|Any CPU.Build.0 = Debug|Any CPU
		{90BD8BA0-1E12-4E66-A776-D3630600DD6E}.Release|Any CPU.ActiveCfg = Release|Any CPU
		{90BD8BA0-1E12-4E66-A776-D3630600DD6E}.Release|Any CPU.Build.0 = Release|Any CPU
		{764460EF-882E-4326-B051-77CF5319B4BA}.Debug|Any CPU.ActiveCfg = Debug|Any CPU
		{764460EF-882E-4326-B051-77CF5319B4BA}.Debug|Any CPU.Build.0 = Debug|Any CPU
		{764460EF-882E-4326-B051-77CF5319B4BA}.Debug|Any CPU.Deploy.0 = Debug|Any CPU
		{764460EF-882E-4326-B051-77CF5319B4BA}.Release|Any CPU.ActiveCfg = Release|Any CPU
		{764460EF-882E-4326-B051-77CF5319B4BA}.Release|Any CPU.Build.0 = Release|Any CPU
		{764460EF-882E-4326-B051-77CF5319B4BA}.Release|Any CPU.Deploy.0 = Release|Any CPU
		{D3A57791-494C-4E11-A6E6-AAAE049F2E92}.Debug|Any CPU.ActiveCfg = Debug|Any CPU
		{D3A57791-494C-4E11-A6E6-AAAE049F2E92}.Debug|Any CPU.Build.0 = Debug|Any CPU
		{D3A57791-494C-4E11-A6E6-AAAE049F2E92}.Release|Any CPU.ActiveCfg = Release|Any CPU
		{D3A57791-494C-4E11-A6E6-AAAE049F2E92}.Release|Any CPU.Build.0 = Release|Any CPU
		{1E9B7FC0-2385-49FA-8758-4358A29AD66A}.Debug|Any CPU.ActiveCfg = Debug|Any CPU
		{1E9B7FC0-2385-49FA-8758-4358A29AD66A}.Debug|Any CPU.Build.0 = Debug|Any CPU
		{1E9B7FC0-2385-49FA-8758-4358A29AD66A}.Debug|Any CPU.Deploy.0 = Debug|Any CPU
		{1E9B7FC0-2385-49FA-8758-4358A29AD66A}.Release|Any CPU.ActiveCfg = Release|Any CPU
		{1E9B7FC0-2385-49FA-8758-4358A29AD66A}.Release|Any CPU.Build.0 = Release|Any CPU
		{1E9B7FC0-2385-49FA-8758-4358A29AD66A}.Release|Any CPU.Deploy.0 = Release|Any CPU
	EndGlobalSection
	GlobalSection(SolutionProperties) = preSolution
		HideSolutionNode = FALSE
	EndGlobalSection
	GlobalSection(NestedProjects) = preSolution
		{D3A57791-494C-4E11-A6E6-AAAE049F2E92} = {8FAC6F4A-E1E3-4467-B807-E9ACF0DC29FD}
	EndGlobalSection
EndGlobal
